// !$*UTF8*$!
{
	archiveVersion = 1;
	classes = {
	};
	objectVersion = 50;
	objects = {

/* Begin PBXBuildFile section */
		A2D407EE2496AA2A00C9F3CF /* AppDelegate.swift in Sources */ = {isa = PBXBuildFile; fileRef = A2D407ED2496AA2A00C9F3CF /* AppDelegate.swift */; };
		A2D407F02496AA2A00C9F3CF /* SceneDelegate.swift in Sources */ = {isa = PBXBuildFile; fileRef = A2D407EF2496AA2A00C9F3CF /* SceneDelegate.swift */; };
		A2D407F22496AA2A00C9F3CF /* ViewController.swift in Sources */ = {isa = PBXBuildFile; fileRef = A2D407F12496AA2A00C9F3CF /* ViewController.swift */; };
		A2D407F52496AA2A00C9F3CF /* Main.storyboard in Resources */ = {isa = PBXBuildFile; fileRef = A2D407F32496AA2A00C9F3CF /* Main.storyboard */; };
		A2D407F72496AA2B00C9F3CF /* Assets.xcassets in Resources */ = {isa = PBXBuildFile; fileRef = A2D407F62496AA2B00C9F3CF /* Assets.xcassets */; };
		A2D407FA2496AA2B00C9F3CF /* LaunchScreen.storyboard in Resources */ = {isa = PBXBuildFile; fileRef = A2D407F82496AA2B00C9F3CF /* LaunchScreen.storyboard */; };
/* End PBXBuildFile section */

/* Begin PBXFileReference section */
		A2D407EA2496AA2A00C9F3CF /* MultiplesSimulators.app */ = {isa = PBXFileReference; explicitFileType = wrapper.application; includeInIndex = 0; path = MultiplesSimulators.app; sourceTree = BUILT_PRODUCTS_DIR; };
		A2D407ED2496AA2A00C9F3CF /* AppDelegate.swift */ = {isa = PBXFileReference; lastKnownFileType = sourcecode.swift; path = AppDelegate.swift; sourceTree = "<group>"; };
		A2D407EF2496AA2A00C9F3CF /* SceneDelegate.swift */ = {isa = PBXFileReference; lastKnownFileType = sourcecode.swift; path = SceneDelegate.swift; sourceTree = "<group>"; };
		A2D407F12496AA2A00C9F3CF /* ViewController.swift */ = {isa = PBXFileReference; lastKnownFileType = sourcecode.swift; path = ViewController.swift; sourceTree = "<group>"; };
		A2D407F42496AA2A00C9F3CF /* Base */ = {isa = PBXFileReference; lastKnownFileType = file.storyboard; name = Base; path = Base.lproj/Main.storyboard; sourceTree = "<group>"; };
		A2D407F62496AA2B00C9F3CF /* Assets.xcassets */ = {isa = PBXFileReference; lastKnownFileType = folder.assetcatalog; path = Assets.xcassets; sourceTree = "<group>"; };
		A2D407F92496AA2B00C9F3CF /* Base */ = {isa = PBXFileReference; lastKnownFileType = file.storyboard; name = Base; path = Base.lproj/LaunchScreen.storyboard; sourceTree = "<group>"; };
		A2D407FB2496AA2B00C9F3CF /* Info.plist */ = {isa = PBXFileReference; lastKnownFileType = text.plist.xml; path = Info.plist; sourceTree = "<group>"; };
/* End PBXFileReference section */

/* Begin PBXFrameworksBuildPhase section */
		A2D407E72496AA2A00C9F3CF /* Frameworks */ = {
			isa = PBXFrameworksBuildPhase;
			buildActionMask = 2147483647;
			files = (
			);
			runOnlyForDeploymentPostprocessing = 0;
		};
/* End PBXFrameworksBuildPhase section */

/* Begin PBXGroup section */
		A2D407E12496AA2A00C9F3CF = {
			isa = PBXGroup;
			children = (
				A2D407EC2496AA2A00C9F3CF /* MultiplesSimulators */,
				A2D407EB2496AA2A00C9F3CF /* Products */,
			);
			sourceTree = "<group>";
		};
		A2D407EB2496AA2A00C9F3CF /* Products */ = {
			isa = PBXGroup;
			children = (
				A2D407EA2496AA2A00C9F3CF /* MultiplesSimulators.app */,
			);
			name = Products;
			sourceTree = "<group>";
		};
		A2D407EC2496AA2A00C9F3CF /* MultiplesSimulators */ = {
			isa = PBXGroup;
			children = (
				A2D407ED2496AA2A00C9F3CF /* AppDelegate.swift */,
				A2D407EF2496AA2A00C9F3CF /* SceneDelegate.swift */,
				A2D407F12496AA2A00C9F3CF /* ViewController.swift */,
				A2D407F32496AA2A00C9F3CF /* Main.storyboard */,
				A2D407F62496AA2B00C9F3CF /* Assets.xcassets */,
				A2D407F82496AA2B00C9F3CF /* LaunchScreen.storyboard */,
				A2D407FB2496AA2B00C9F3CF /* Info.plist */,
			);
			path = MultiplesSimulators;
			sourceTree = "<group>";
		};
/* End PBXGroup section */

/* Begin PBXNativeTarget section */
		A2D407E92496AA2A00C9F3CF /* MultiplesSimulators */ = {
			isa = PBXNativeTarget;
			buildConfigurationList = A2D407FE2496AA2B00C9F3CF /* Build configuration list for PBXNativeTarget "MultiplesSimulators" */;
			buildPhases = (
				A2D407E62496AA2A00C9F3CF /* Sources */,
				A2D407E72496AA2A00C9F3CF /* Frameworks */,
				A2D407E82496AA2A00C9F3CF /* Resources */,
				A2D408022497C51A00C9F3CF /* ShellScript */,
			);
			buildRules = (
			);
			dependencies = (
			);
			name = MultiplesSimulators;
			productName = MultiplesSimulators;
			productReference = A2D407EA2496AA2A00C9F3CF /* MultiplesSimulators.app */;
			productType = "com.apple.product-type.application";
		};
/* End PBXNativeTarget section */

/* Begin PBXProject section */
		A2D407E22496AA2A00C9F3CF /* Project object */ = {
			isa = PBXProject;
			attributes = {
				LastSwiftUpdateCheck = 1150;
				LastUpgradeCheck = 1150;
				ORGANIZATIONNAME = "Jefferson Lalor";
				TargetAttributes = {
					A2D407E92496AA2A00C9F3CF = {
						CreatedOnToolsVersion = 11.5;
					};
				};
			};
			buildConfigurationList = A2D407E52496AA2A00C9F3CF /* Build configuration list for PBXProject "MultiplesSimulators" */;
			compatibilityVersion = "Xcode 9.3";
			developmentRegion = en;
			hasScannedForEncodings = 0;
			knownRegions = (
				en,
				Base,
			);
			mainGroup = A2D407E12496AA2A00C9F3CF;
			productRefGroup = A2D407EB2496AA2A00C9F3CF /* Products */;
			projectDirPath = "";
			projectRoot = "";
			targets = (
				A2D407E92496AA2A00C9F3CF /* MultiplesSimulators */,
			);
		};
/* End PBXProject section */

/* Begin PBXResourcesBuildPhase section */
		A2D407E82496AA2A00C9F3CF /* Resources */ = {
			isa = PBXResourcesBuildPhase;
			buildActionMask = 2147483647;
			files = (
				A2D407FA2496AA2B00C9F3CF /* LaunchScreen.storyboard in Resources */,
				A2D407F72496AA2B00C9F3CF /* Assets.xcassets in Resources */,
				A2D407F52496AA2A00C9F3CF /* Main.storyboard in Resources */,
			);
			runOnlyForDeploymentPostprocessing = 0;
		};
/* End PBXResourcesBuildPhase section */

/* Begin PBXShellScriptBuildPhase section */
		A2D408022497C51A00C9F3CF /* ShellScript */ = {
			isa = PBXShellScriptBuildPhase;
			buildActionMask = 12;
			files = (
			);
			inputFileListPaths = (
			);
			inputPaths = (
				"$(SRCROOT)/.../multipleSimulatorsStartup.sh",
				"$(SRCROOT)/.../multipleSimulators.config",
			);
			outputFileListPaths = (
			);
			outputPaths = (
			);
			runOnlyForDeploymentPostprocessing = 0;
			shellPath = /bin/sh;
			shellScript = "# Type a script or drag a script file from your workspace to insert its path.\ncustom_sim=`xcrun simctl list | grep \"Multiple Simulators\" | awk -F\"[()]\" '{print $2}'`\nif [ ! -z “${custom_sim}” ] && [ “${TARGET_DEVICE_IDENTIFIER}” = “${custom_sim}” ]; then\n/bin/sh Scripts/multipleSimulatorsStartup.sh &\nfi\n";
		};
/* End PBXShellScriptBuildPhase section */

/* Begin PBXSourcesBuildPhase section */
		A2D407E62496AA2A00C9F3CF /* Sources */ = {
			isa = PBXSourcesBuildPhase;
			buildActionMask = 2147483647;
			files = (
				A2D407F22496AA2A00C9F3CF /* ViewController.swift in Sources */,
				A2D407EE2496AA2A00C9F3CF /* AppDelegate.swift in Sources */,
				A2D407F02496AA2A00C9F3CF /* SceneDelegate.swift in Sources */,
			);
			runOnlyForDeploymentPostprocessing = 0;
		};
/* End PBXSourcesBuildPhase section */

/* Begin PBXVariantGroup section */
		A2D407F32496AA2A00C9F3CF /* Main.storyboard */ = {
			isa = PBXVariantGroup;
			children = (
				A2D407F42496AA2A00C9F3CF /* Base */,
			);
			name = Main.storyboard;
			sourceTree = "<group>";
		};
		A2D407F82496AA2B00C9F3CF /* LaunchScreen.storyboard */ = {
			isa = PBXVariantGroup;
			children = (
				A2D407F92496AA2B00C9F3CF /* Base */,
			);
			name = LaunchScreen.storyboard;
			sourceTree = "<group>";
		};
/* End PBXVariantGroup section */

/* Begin XCBuildConfiguration section */
		A2D407FC2496AA2B00C9F3CF /* Debug */ = {
			isa = XCBuildConfiguration;
			buildSettings = {
				ALWAYS_SEARCH_USER_PATHS = NO;
				CLANG_ANALYZER_NONNULL = YES;
				CLANG_ANALYZER_NUMBER_OBJECT_CONVERSION = YES_AGGRESSIVE;
				CLANG_CXX_LANGUAGE_STANDARD = "gnu++14";
				CLANG_CXX_LIBRARY = "libc++";
				CLANG_ENABLE_MODULES = YES;
				CLANG_ENABLE_OBJC_ARC = YES;
				CLANG_ENABLE_OBJC_WEAK = YES;
				CLANG_WARN_BLOCK_CAPTURE_AUTORELEASING = YES;
				CLANG_WARN_BOOL_CONVERSION = YES;
				CLANG_WARN_COMMA = YES;
				CLANG_WARN_CONSTANT_CONVERSION = YES;
				CLANG_WARN_DEPRECATED_OBJC_IMPLEMENTATIONS = YES;
				CLANG_WARN_DIRECT_OBJC_ISA_USAGE = YES_ERROR;
				CLANG_WARN_DOCUMENTATION_COMMENTS = YES;
				CLANG_WARN_EMPTY_BODY = YES;
				CLANG_WARN_ENUM_CONVERSION = YES;
				CLANG_WARN_INFINITE_RECURSION = YES;
				CLANG_WARN_INT_CONVERSION = YES;
				CLANG_WARN_NON_LITERAL_NULL_CONVERSION = YES;
				CLANG_WARN_OBJC_IMPLICIT_RETAIN_SELF = YES;
				CLANG_WARN_OBJC_LITERAL_CONVERSION = YES;
				CLANG_WARN_OBJC_ROOT_CLASS = YES_ERROR;
				CLANG_WARN_RANGE_LOOP_ANALYSIS = YES;
				CLANG_WARN_STRICT_PROTOTYPES = YES;
				CLANG_WARN_SUSPICIOUS_MOVE = YES;
				CLANG_WARN_UNGUARDED_AVAILABILITY = YES_AGGRESSIVE;
				CLANG_WARN_UNREACHABLE_CODE = YES;
				CLANG_WARN__DUPLICATE_METHOD_MATCH = YES;
				COPY_PHASE_STRIP = NO;
				DEBUG_INFORMATION_FORMAT = dwarf;
				ENABLE_STRICT_OBJC_MSGSEND = YES;
				ENABLE_TESTABILITY = YES;
				GCC_C_LANGUAGE_STANDARD = gnu11;
				GCC_DYNAMIC_NO_PIC = NO;
				GCC_NO_COMMON_BLOCKS = YES;
				GCC_OPTIMIZATION_LEVEL = 0;
				GCC_PREPROCESSOR_DEFINITIONS = (
					"DEBUG=1",
					"$(inherited)",
				);
				GCC_WARN_64_TO_32_BIT_CONVERSION = YES;
				GCC_WARN_ABOUT_RETURN_TYPE = YES_ERROR;
				GCC_WARN_UNDECLARED_SELECTOR = YES;
				GCC_WARN_UNINITIALIZED_AUTOS = YES_AGGRESSIVE;
				GCC_WARN_UNUSED_FUNCTION = YES;
				GCC_WARN_UNUSED_VARIABLE = YES;
				IPHONEOS_DEPLOYMENT_TARGET = 13.5;
				MTL_ENABLE_DEBUG_INFO = INCLUDE_SOURCE;
				MTL_FAST_MATH = YES;
				ONLY_ACTIVE_ARCH = YES;
				SDKROOT = iphoneos;
				SWIFT_ACTIVE_COMPILATION_CONDITIONS = DEBUG;
				SWIFT_OPTIMIZATION_LEVEL = "-Onone";
			};
			name = Debug;
		};
		A2D407FD2496AA2B00C9F3CF /* Release */ = {
			isa = XCBuildConfiguration;
			buildSettings = {
				ALWAYS_SEARCH_USER_PATHS = NO;
				CLANG_ANALYZER_NONNULL = YES;
				CLANG_ANALYZER_NUMBER_OBJECT_CONVERSION = YES_AGGRESSIVE;
				CLANG_CXX_LANGUAGE_STANDARD = "gnu++14";
				CLANG_CXX_LIBRARY = "libc++";
				CLANG_ENABLE_MODULES = YES;
				CLANG_ENABLE_OBJC_ARC = YES;
				CLANG_ENABLE_OBJC_WEAK = YES;
				CLANG_WARN_BLOCK_CAPTURE_AUTORELEASING = YES;
				CLANG_WARN_BOOL_CONVERSION = YES;
				CLANG_WARN_COMMA = YES;
				CLANG_WARN_CONSTANT_CONVERSION = YES;
				CLANG_WARN_DEPRECATED_OBJC_IMPLEMENTATIONS = YES;
				CLANG_WARN_DIRECT_OBJC_ISA_USAGE = YES_ERROR;
				CLANG_WARN_DOCUMENTATION_COMMENTS = YES;
				CLANG_WARN_EMPTY_BODY = YES;
				CLANG_WARN_ENUM_CONVERSION = YES;
				CLANG_WARN_INFINITE_RECURSION = YES;
				CLANG_WARN_INT_CONVERSION = YES;
				CLANG_WARN_NON_LITERAL_NULL_CONVERSION = YES;
				CLANG_WARN_OBJC_IMPLICIT_RETAIN_SELF = YES;
				CLANG_WARN_OBJC_LITERAL_CONVERSION = YES;
				CLANG_WARN_OBJC_ROOT_CLASS = YES_ERROR;
				CLANG_WARN_RANGE_LOOP_ANALYSIS = YES;
				CLANG_WARN_STRICT_PROTOTYPES = YES;
				CLANG_WARN_SUSPICIOUS_MOVE = YES;
				CLANG_WARN_UNGUARDED_AVAILABILITY = YES_AGGRESSIVE;
				CLANG_WARN_UNREACHABLE_CODE = YES;
				CLANG_WARN__DUPLICATE_METHOD_MATCH = YES;
				COPY_PHASE_STRIP = NO;
				DEBUG_INFORMATION_FORMAT = "dwarf-with-dsym";
				ENABLE_NS_ASSERTIONS = NO;
				ENABLE_STRICT_OBJC_MSGSEND = YES;
				GCC_C_LANGUAGE_STANDARD = gnu11;
				GCC_NO_COMMON_BLOCKS = YES;
				GCC_WARN_64_TO_32_BIT_CONVERSION = YES;
				GCC_WARN_ABOUT_RETURN_TYPE = YES_ERROR;
				GCC_WARN_UNDECLARED_SELECTOR = YES;
				GCC_WARN_UNINITIALIZED_AUTOS = YES_AGGRESSIVE;
				GCC_WARN_UNUSED_FUNCTION = YES;
				GCC_WARN_UNUSED_VARIABLE = YES;
				IPHONEOS_DEPLOYMENT_TARGET = 13.5;
				MTL_ENABLE_DEBUG_INFO = NO;
				MTL_FAST_MATH = YES;
				SDKROOT = iphoneos;
				SWIFT_COMPILATION_MODE = wholemodule;
				SWIFT_OPTIMIZATION_LEVEL = "-O";
				VALIDATE_PRODUCT = YES;
			};
			name = Release;
		};
		A2D407FF2496AA2B00C9F3CF /* Debug */ = {
			isa = XCBuildConfiguration;
			buildSettings = {
				ASSETCATALOG_COMPILER_APPICON_NAME = AppIcon;
				CODE_SIGN_STYLE = Automatic;
				DEVELOPMENT_TEAM = 4H3ACGR74F;
				INFOPLIST_FILE = MultiplesSimulators/Info.plist;
				LD_RUNPATH_SEARCH_PATHS = (
					"$(inherited)",
					"@executable_path/Frameworks",
				);
				PRODUCT_BUNDLE_IDENTIFIER = lalor.MultiplesSimulators;
				PRODUCT_NAME = "$(TARGET_NAME)";
				SWIFT_VERSION = 5.0;
				TARGETED_DEVICE_FAMILY = "1,2";
			};
			name = Debug;
		};
		A2D408002496AA2B00C9F3CF /* Release */ = {
			isa = XCBuildConfiguration;
			buildSettings = {
				ASSETCATALOG_COMPILER_APPICON_NAME = AppIcon;
				CODE_SIGN_STYLE = Automatic;
				DEVELOPMENT_TEAM = 4H3ACGR74F;
				INFOPLIST_FILE = MultiplesSimulators/Info.plist;
				LD_RUNPATH_SEARCH_PATHS = (
					"$(inherited)",
					"@executable_path/Frameworks",
				);
				PRODUCT_BUNDLE_IDENTIFIER = lalor.MultiplesSimulators;
				PRODUCT_NAME = "$(TARGET_NAME)";
				SWIFT_VERSION = 5.0;
				TARGETED_DEVICE_FAMILY = "1,2";
			};
			name = Release;
		};
/* End XCBuildConfiguration section */

/* Begin XCConfigurationList section */
		A2D407E52496AA2A00C9F3CF /* Build configuration list for PBXProject "MultiplesSimulators" */ = {
			isa = XCConfigurationList;
			buildConfigurations = (
				A2D407FC2496AA2B00C9F3CF /* Debug */,
				A2D407FD2496AA2B00C9F3CF /* Release */,
			);
			defaultConfigurationIsVisible = 0;
			defaultConfigurationName = Release;
		};
		A2D407FE2496AA2B00C9F3CF /* Build configuration list for PBXNativeTarget "MultiplesSimulators" */ = {
			isa = XCConfigurationList;
			buildConfigurations = (
				A2D407FF2496AA2B00C9F3CF /* Debug */,
				A2D408002496AA2B00C9F3CF /* Release */,
			);
			defaultConfigurationIsVisible = 0;
			defaultConfigurationName = Release;
		};
/* End XCConfigurationList section */
	};
	rootObject = A2D407E22496AA2A00C9F3CF /* Project object */;
}
